// !$*UTF8*$!
{
	archiveVersion = 1;
	classes = {
	};
	objectVersion = 46;
	objects = {

/* Begin PBXBuildFile section */
		371A6442157278620062DCE5 /* UniverseViewController.m in Sources */ = {isa = PBXBuildFile; fileRef = 371A6439157278620062DCE5 /* UniverseViewController.m */; };
		371A6443157278620062DCE5 /* UniverseViewController_iPhone.xib in Resources */ = {isa = PBXBuildFile; fileRef = 371A643A157278620062DCE5 /* UniverseViewController_iPhone.xib */; };
		371A6444157278620062DCE5 /* UniverseViewController_iPad.xib in Resources */ = {isa = PBXBuildFile; fileRef = 371A643B157278620062DCE5 /* UniverseViewController_iPad.xib */; };
		371A6445157278620062DCE5 /* UniverseRenderer.m in Sources */ = {isa = PBXBuildFile; fileRef = 371A643D157278620062DCE5 /* UniverseRenderer.m */; };
		371A6448157278620062DCE5 /* URMilkyWay.m in Sources */ = {isa = PBXBuildFile; fileRef = 371A6441157278620062DCE5 /* URMilkyWay.m */; };
		371A6449157279020062DCE5 /* URMilkyWayShader.vsh in Resources */ = {isa = PBXBuildFile; fileRef = 371A643E157278620062DCE5 /* URMilkyWayShader.vsh */; };
		371A644A157279040062DCE5 /* URMilkyWayShader.fsh in Resources */ = {isa = PBXBuildFile; fileRef = 371A643F157278620062DCE5 /* URMilkyWayShader.fsh */; };
		376C7C3C156DCE460002D3F3 /* UIKit.framework in Frameworks */ = {isa = PBXBuildFile; fileRef = 376C7C3B156DCE460002D3F3 /* UIKit.framework */; };
		376C7C3E156DCE460002D3F3 /* Foundation.framework in Frameworks */ = {isa = PBXBuildFile; fileRef = 376C7C3D156DCE460002D3F3 /* Foundation.framework */; };
		376C7C40156DCE460002D3F3 /* CoreGraphics.framework in Frameworks */ = {isa = PBXBuildFile; fileRef = 376C7C3F156DCE460002D3F3 /* CoreGraphics.framework */; };
		376C7C42156DCE460002D3F3 /* GLKit.framework in Frameworks */ = {isa = PBXBuildFile; fileRef = 376C7C41156DCE460002D3F3 /* GLKit.framework */; };
		376C7C44156DCE460002D3F3 /* OpenGLES.framework in Frameworks */ = {isa = PBXBuildFile; fileRef = 376C7C43156DCE460002D3F3 /* OpenGLES.framework */; };
		376C7C4A156DCE460002D3F3 /* InfoPlist.strings in Resources */ = {isa = PBXBuildFile; fileRef = 376C7C48156DCE460002D3F3 /* InfoPlist.strings */; };
		376C7C4C156DCE460002D3F3 /* main.m in Sources */ = {isa = PBXBuildFile; fileRef = 376C7C4B156DCE460002D3F3 /* main.m */; };
		376C7C50156DCE460002D3F3 /* EGAppDelegate.m in Sources */ = {isa = PBXBuildFile; fileRef = 376C7C4F156DCE460002D3F3 /* EGAppDelegate.m */; };
		376C7C79156DD3CE0002D3F3 /* QuartzCore.framework in Frameworks */ = {isa = PBXBuildFile; fileRef = 376C7C78156DD3CE0002D3F3 /* QuartzCore.framework */; };
		37968F5C15727AB600E27F8B /* texture.png in Resources */ = {isa = PBXBuildFile; fileRef = 37968F5B15727AB600E27F8B /* texture.png */; };
/* End PBXBuildFile section */

/* Begin PBXFileReference section */
		371A6438157278620062DCE5 /* UniverseViewController.h */ = {isa = PBXFileReference; fileEncoding = 4; lastKnownFileType = sourcecode.c.h; path = UniverseViewController.h; sourceTree = "<group>"; };
		371A6439157278620062DCE5 /* UniverseViewController.m */ = {isa = PBXFileReference; fileEncoding = 4; lastKnownFileType = sourcecode.c.objc; path = UniverseViewController.m; sourceTree = "<group>"; };
		371A643A157278620062DCE5 /* UniverseViewController_iPhone.xib */ = {isa = PBXFileReference; fileEncoding = 4; lastKnownFileType = file.xib; path = UniverseViewController_iPhone.xib; sourceTree = "<group>"; };
		371A643B157278620062DCE5 /* UniverseViewController_iPad.xib */ = {isa = PBXFileReference; fileEncoding = 4; lastKnownFileType = file.xib; path = UniverseViewController_iPad.xib; sourceTree = "<group>"; };
		371A643C157278620062DCE5 /* UniverseRenderer.h */ = {isa = PBXFileReference; fileEncoding = 4; lastKnownFileType = sourcecode.c.h; path = UniverseRenderer.h; sourceTree = "<group>"; };
		371A643D157278620062DCE5 /* UniverseRenderer.m */ = {isa = PBXFileReference; fileEncoding = 4; lastKnownFileType = sourcecode.c.objc; path = UniverseRenderer.m; sourceTree = "<group>"; };
		371A643E157278620062DCE5 /* URMilkyWayShader.vsh */ = {isa = PBXFileReference; fileEncoding = 4; lastKnownFileType = sourcecode.glsl; path = URMilkyWayShader.vsh; sourceTree = "<group>"; };
		371A643F157278620062DCE5 /* URMilkyWayShader.fsh */ = {isa = PBXFileReference; fileEncoding = 4; lastKnownFileType = sourcecode.glsl; path = URMilkyWayShader.fsh; sourceTree = "<group>"; };
		371A6440157278620062DCE5 /* URMilkyWay.h */ = {isa = PBXFileReference; fileEncoding = 4; lastKnownFileType = sourcecode.c.h; path = URMilkyWay.h; sourceTree = "<group>"; };
		371A6441157278620062DCE5 /* URMilkyWay.m */ = {isa = PBXFileReference; fileEncoding = 4; lastKnownFileType = sourcecode.c.objc; path = URMilkyWay.m; sourceTree = "<group>"; };
		376C7C37156DCE460002D3F3 /* ExoplanetGalaxy.app */ = {isa = PBXFileReference; explicitFileType = wrapper.application; includeInIndex = 0; path = ExoplanetGalaxy.app; sourceTree = BUILT_PRODUCTS_DIR; };
		376C7C3B156DCE460002D3F3 /* UIKit.framework */ = {isa = PBXFileReference; lastKnownFileType = wrapper.framework; name = UIKit.framework; path = System/Library/Frameworks/UIKit.framework; sourceTree = SDKROOT; };
		376C7C3D156DCE460002D3F3 /* Foundation.framework */ = {isa = PBXFileReference; lastKnownFileType = wrapper.framework; name = Foundation.framework; path = System/Library/Frameworks/Foundation.framework; sourceTree = SDKROOT; };
		376C7C3F156DCE460002D3F3 /* CoreGraphics.framework */ = {isa = PBXFileReference; lastKnownFileType = wrapper.framework; name = CoreGraphics.framework; path = System/Library/Frameworks/CoreGraphics.framework; sourceTree = SDKROOT; };
		376C7C41156DCE460002D3F3 /* GLKit.framework */ = {isa = PBXFileReference; lastKnownFileType = wrapper.framework; name = GLKit.framework; path = System/Library/Frameworks/GLKit.framework; sourceTree = SDKROOT; };
		376C7C43156DCE460002D3F3 /* OpenGLES.framework */ = {isa = PBXFileReference; lastKnownFileType = wrapper.framework; name = OpenGLES.framework; path = System/Library/Frameworks/OpenGLES.framework; sourceTree = SDKROOT; };
		376C7C47156DCE460002D3F3 /* ExoplanetGalaxy-Info.plist */ = {isa = PBXFileReference; lastKnownFileType = text.plist.xml; path = "ExoplanetGalaxy-Info.plist"; sourceTree = "<group>"; };
		376C7C49156DCE460002D3F3 /* en */ = {isa = PBXFileReference; lastKnownFileType = text.plist.strings; name = en; path = en.lproj/InfoPlist.strings; sourceTree = "<group>"; };
		376C7C4B156DCE460002D3F3 /* main.m */ = {isa = PBXFileReference; lastKnownFileType = sourcecode.c.objc; path = main.m; sourceTree = "<group>"; };
		376C7C4D156DCE460002D3F3 /* ExoplanetGalaxy-Prefix.pch */ = {isa = PBXFileReference; lastKnownFileType = sourcecode.c.h; path = "ExoplanetGalaxy-Prefix.pch"; sourceTree = "<group>"; };
		376C7C4E156DCE460002D3F3 /* EGAppDelegate.h */ = {isa = PBXFileReference; lastKnownFileType = sourcecode.c.h; path = EGAppDelegate.h; sourceTree = "<group>"; };
		376C7C4F156DCE460002D3F3 /* EGAppDelegate.m */ = {isa = PBXFileReference; lastKnownFileType = sourcecode.c.objc; path = EGAppDelegate.m; sourceTree = "<group>"; };
		376C7C78156DD3CE0002D3F3 /* QuartzCore.framework */ = {isa = PBXFileReference; lastKnownFileType = wrapper.framework; name = QuartzCore.framework; path = System/Library/Frameworks/QuartzCore.framework; sourceTree = SDKROOT; };
		37968F5B15727AB600E27F8B /* texture.png */ = {isa = PBXFileReference; lastKnownFileType = image.png; path = texture.png; sourceTree = "<group>"; };
/* End PBXFileReference section */

/* Begin PBXFrameworksBuildPhase section */
		376C7C34156DCE460002D3F3 /* Frameworks */ = {
			isa = PBXFrameworksBuildPhase;
			buildActionMask = 2147483647;
			files = (
				376C7C79156DD3CE0002D3F3 /* QuartzCore.framework in Frameworks */,
				376C7C3C156DCE460002D3F3 /* UIKit.framework in Frameworks */,
				376C7C3E156DCE460002D3F3 /* Foundation.framework in Frameworks */,
				376C7C40156DCE460002D3F3 /* CoreGraphics.framework in Frameworks */,
				376C7C42156DCE460002D3F3 /* GLKit.framework in Frameworks */,
				376C7C44156DCE460002D3F3 /* OpenGLES.framework in Frameworks */,
			);
			runOnlyForDeploymentPostprocessing = 0;
		};
/* End PBXFrameworksBuildPhase section */

/* Begin PBXGroup section */
		371A644B157279FD0062DCE5 /* UniverseView */ = {
			isa = PBXGroup;
			children = (
				371A6438157278620062DCE5 /* UniverseViewController.h */,
				371A6439157278620062DCE5 /* UniverseViewController.m */,
				371A643A157278620062DCE5 /* UniverseViewController_iPhone.xib */,
				371A643B157278620062DCE5 /* UniverseViewController_iPad.xib */,
				371A643C157278620062DCE5 /* UniverseRenderer.h */,
				371A643D157278620062DCE5 /* UniverseRenderer.m */,
				371A6440157278620062DCE5 /* URMilkyWay.h */,
				371A6441157278620062DCE5 /* URMilkyWay.m */,
				37968F5B15727AB600E27F8B /* texture.png */,
				371A643E157278620062DCE5 /* URMilkyWayShader.vsh */,
				371A643F157278620062DCE5 /* URMilkyWayShader.fsh */,
			);
			name = UniverseView;
			sourceTree = "<group>";
		};
		376C7C2C156DCE460002D3F3 = {
			isa = PBXGroup;
			children = (
				376C7C45156DCE460002D3F3 /* ExoplanetGalaxy */,
				376C7C3A156DCE460002D3F3 /* Frameworks */,
				376C7C38156DCE460002D3F3 /* Products */,
			);
			sourceTree = "<group>";
		};
		376C7C38156DCE460002D3F3 /* Products */ = {
			isa = PBXGroup;
			children = (
				376C7C37156DCE460002D3F3 /* ExoplanetGalaxy.app */,
			);
			name = Products;
			sourceTree = "<group>";
		};
		376C7C3A156DCE460002D3F3 /* Frameworks */ = {
			isa = PBXGroup;
			children = (
				376C7C78156DD3CE0002D3F3 /* QuartzCore.framework */,
				376C7C3B156DCE460002D3F3 /* UIKit.framework */,
				376C7C3D156DCE460002D3F3 /* Foundation.framework */,
				376C7C3F156DCE460002D3F3 /* CoreGraphics.framework */,
				376C7C41156DCE460002D3F3 /* GLKit.framework */,
				376C7C43156DCE460002D3F3 /* OpenGLES.framework */,
			);
			name = Frameworks;
			sourceTree = "<group>";
		};
		376C7C45156DCE460002D3F3 /* ExoplanetGalaxy */ = {
			isa = PBXGroup;
			children = (
				376C7C4E156DCE460002D3F3 /* EGAppDelegate.h */,
				376C7C4F156DCE460002D3F3 /* EGAppDelegate.m */,
				371A644B157279FD0062DCE5 /* UniverseView */,
				376C7C46156DCE460002D3F3 /* Supporting Files */,
			);
			path = ExoplanetGalaxy;
			sourceTree = "<group>";
		};
		376C7C46156DCE460002D3F3 /* Supporting Files */ = {
			isa = PBXGroup;
			children = (
				376C7C47156DCE460002D3F3 /* ExoplanetGalaxy-Info.plist */,
				376C7C48156DCE460002D3F3 /* InfoPlist.strings */,
				376C7C4B156DCE460002D3F3 /* main.m */,
				376C7C4D156DCE460002D3F3 /* ExoplanetGalaxy-Prefix.pch */,
			);
			name = "Supporting Files";
			sourceTree = "<group>";
		};
/* End PBXGroup section */

/* Begin PBXNativeTarget section */
		376C7C36156DCE460002D3F3 /* ExoplanetGalaxy */ = {
			isa = PBXNativeTarget;
			buildConfigurationList = 376C7C60156DCE460002D3F3 /* Build configuration list for PBXNativeTarget "ExoplanetGalaxy" */;
			buildPhases = (
				376C7C33156DCE460002D3F3 /* Sources */,
				376C7C34156DCE460002D3F3 /* Frameworks */,
				376C7C35156DCE460002D3F3 /* Resources */,
			);
			buildRules = (
			);
			dependencies = (
			);
			name = ExoplanetGalaxy;
			productName = ExoplanetGalaxy;
			productReference = 376C7C37156DCE460002D3F3 /* ExoplanetGalaxy.app */;
			productType = "com.apple.product-type.application";
		};
/* End PBXNativeTarget section */

/* Begin PBXProject section */
		376C7C2E156DCE460002D3F3 /* Project object */ = {
			isa = PBXProject;
			attributes = {
				CLASSPREFIX = EG;
				LastUpgradeCheck = 0430;
			};
			buildConfigurationList = 376C7C31156DCE460002D3F3 /* Build configuration list for PBXProject "ExoplanetGalaxy" */;
			compatibilityVersion = "Xcode 3.2";
			developmentRegion = English;
			hasScannedForEncodings = 0;
			knownRegions = (
				en,
			);
			mainGroup = 376C7C2C156DCE460002D3F3;
			productRefGroup = 376C7C38156DCE460002D3F3 /* Products */;
			projectDirPath = "";
			projectRoot = "";
			targets = (
				376C7C36156DCE460002D3F3 /* ExoplanetGalaxy */,
			);
		};
/* End PBXProject section */

/* Begin PBXResourcesBuildPhase section */
		376C7C35156DCE460002D3F3 /* Resources */ = {
			isa = PBXResourcesBuildPhase;
			buildActionMask = 2147483647;
			files = (
				376C7C4A156DCE460002D3F3 /* InfoPlist.strings in Resources */,
				371A6449157279020062DCE5 /* URMilkyWayShader.vsh in Resources */,
				371A644A157279040062DCE5 /* URMilkyWayShader.fsh in Resources */,
				371A6443157278620062DCE5 /* UniverseViewController_iPhone.xib in Resources */,
				371A6444157278620062DCE5 /* UniverseViewController_iPad.xib in Resources */,
				37968F5C15727AB600E27F8B /* texture.png in Resources */,
			);
			runOnlyForDeploymentPostprocessing = 0;
		};
/* End PBXResourcesBuildPhase section */

/* Begin PBXSourcesBuildPhase section */
		376C7C33156DCE460002D3F3 /* Sources */ = {
			isa = PBXSourcesBuildPhase;
			buildActionMask = 2147483647;
			files = (
				376C7C4C156DCE460002D3F3 /* main.m in Sources */,
				376C7C50156DCE460002D3F3 /* EGAppDelegate.m in Sources */,
				371A6442157278620062DCE5 /* UniverseViewController.m in Sources */,
				371A6445157278620062DCE5 /* UniverseRenderer.m in Sources */,
				371A6448157278620062DCE5 /* URMilkyWay.m in Sources */,
			);
			runOnlyForDeploymentPostprocessing = 0;
		};
/* End PBXSourcesBuildPhase section */

/* Begin PBXVariantGroup section */
		376C7C48156DCE460002D3F3 /* InfoPlist.strings */ = {
			isa = PBXVariantGroup;
			children = (
				376C7C49156DCE460002D3F3 /* en */,
			);
			name = InfoPlist.strings;
			sourceTree = "<group>";
		};
/* End PBXVariantGroup section */

/* Begin XCBuildConfiguration section */
		376C7C5E156DCE460002D3F3 /* Debug */ = {
			isa = XCBuildConfiguration;
			buildSettings = {
				ALWAYS_SEARCH_USER_PATHS = NO;
				ARCHS = "$(ARCHS_STANDARD_32_BIT)";
				"CODE_SIGN_IDENTITY[sdk=iphoneos*]" = "iPhone Developer";
				COPY_PHASE_STRIP = NO;
				GCC_C_LANGUAGE_STANDARD = gnu99;
				GCC_DYNAMIC_NO_PIC = NO;
				GCC_OPTIMIZATION_LEVEL = 0;
				GCC_PREPROCESSOR_DEFINITIONS = (
					"DEBUG=1",
					"$(inherited)",
				);
				GCC_SYMBOLS_PRIVATE_EXTERN = NO;
				GCC_VERSION = com.apple.compilers.llvm.clang.1_0;
				GCC_WARN_ABOUT_RETURN_TYPE = YES;
				GCC_WARN_UNINITIALIZED_AUTOS = YES;
				GCC_WARN_UNUSED_VARIABLE = YES;
				IPHONEOS_DEPLOYMENT_TARGET = 5.1;
				SDKROOT = iphoneos;
				TARGETED_DEVICE_FAMILY = "1,2";
			};
			name = Debug;
		};
		376C7C5F156DCE460002D3F3 /* Release */ = {
			isa = XCBuildConfiguration;
			buildSettings = {
				ALWAYS_SEARCH_USER_PATHS = NO;
				ARCHS = "$(ARCHS_STANDARD_32_BIT)";
				"CODE_SIGN_IDENTITY[sdk=iphoneos*]" = "iPhone Developer";
				COPY_PHASE_STRIP = YES;
				GCC_C_LANGUAGE_STANDARD = gnu99;
				GCC_VERSION = com.apple.compilers.llvm.clang.1_0;
				GCC_WARN_ABOUT_RETURN_TYPE = YES;
				GCC_WARN_UNINITIALIZED_AUTOS = YES;
				GCC_WARN_UNUSED_VARIABLE = YES;
				IPHONEOS_DEPLOYMENT_TARGET = 5.1;
				OTHER_CFLAGS = "-DNS_BLOCK_ASSERTIONS=1";
				SDKROOT = iphoneos;
				TARGETED_DEVICE_FAMILY = "1,2";
				VALIDATE_PRODUCT = YES;
			};
			name = Release;
		};
		376C7C61156DCE460002D3F3 /* Debug */ = {
			isa = XCBuildConfiguration;
			buildSettings = {
				GCC_PRECOMPILE_PREFIX_HEADER = YES;
				GCC_PREFIX_HEADER = "ExoplanetGalaxy/ExoplanetGalaxy-Prefix.pch";
				"GCC_THUMB_SUPPORT[arch=armv6]" = "";
				INFOPLIST_FILE = "ExoplanetGalaxy/ExoplanetGalaxy-Info.plist";
				PRODUCT_NAME = "$(TARGET_NAME)";
				WRAPPER_EXTENSION = app;
			};
			name = Debug;
		};
		376C7C62156DCE460002D3F3 /* Release */ = {
			isa = XCBuildConfiguration;
			buildSettings = {
				GCC_PRECOMPILE_PREFIX_HEADER = YES;
				GCC_PREFIX_HEADER = "ExoplanetGalaxy/ExoplanetGalaxy-Prefix.pch";
				"GCC_THUMB_SUPPORT[arch=armv6]" = "";
				INFOPLIST_FILE = "ExoplanetGalaxy/ExoplanetGalaxy-Info.plist";
				PRODUCT_NAME = "$(TARGET_NAME)";
				WRAPPER_EXTENSION = app;
			};
			name = Release;
		};
/* End XCBuildConfiguration section */

/* Begin XCConfigurationList section */
		376C7C31156DCE460002D3F3 /* Build configuration list for PBXProject "ExoplanetGalaxy" */ = {
			isa = XCConfigurationList;
			buildConfigurations = (
				376C7C5E156DCE460002D3F3 /* Debug */,
				376C7C5F156DCE460002D3F3 /* Release */,
			);
			defaultConfigurationIsVisible = 0;
			defaultConfigurationName = Release;
		};
		376C7C60156DCE460002D3F3 /* Build configuration list for PBXNativeTarget "ExoplanetGalaxy" */ = {
			isa = XCConfigurationList;
			buildConfigurations = (
				376C7C61156DCE460002D3F3 /* Debug */,
				376C7C62156DCE460002D3F3 /* Release */,
			);
			defaultConfigurationIsVisible = 0;
			defaultConfigurationName = Release;
		};
/* End XCConfigurationList section */
	};
	rootObject = 376C7C2E156DCE460002D3F3 /* Project object */;
}
